
Microsoft Visual Studio Solution File, Format Version 12.00
# Visual Studio Version 16
VisualStudioVersion = 16.0.30114.105
MinimumVisualStudioVersion = 10.0.40219.1
Project("{FAE04EC0-301F-11D3-BF4B-00C04F79EFBC}") = "OpenMediaDownloader", "OpenMediaDownloader\OpenMediaDownloader.csproj", "{EC06DB34-17E6-4F67-BA07-883C20595162}"
EndProject
Project("{FAE04EC0-301F-11D3-BF4B-00C04F79EFBC}") = "Logger", "Logger\Logger.csproj", "{938BAFE0-04C4-4FBC-B473-0364782935B1}"
EndProject
Global
	GlobalSection(SolutionConfigurationPlatforms) = preSolution
		Debug|Any CPU = Debug|Any CPU
		Release|Any CPU = Release|Any CPU
	EndGlobalSection
	GlobalSection(SolutionProperties) = preSolution
		HideSolutionNode = FALSE
	EndGlobalSection
	GlobalSection(ProjectConfigurationPlatforms) = postSolution
		{EC06DB34-17E6-4F67-BA07-883C20595162}.Debug|Any CPU.ActiveCfg = Debug|Any CPU
		{EC06DB34-17E6-4F67-BA07-883C20595162}.Debug|Any CPU.Build.0 = Debug|Any CPU
		{EC06DB34-17E6-4F67-BA07-883C20595162}.Release|Any CPU.ActiveCfg = Release|Any CPU
		{EC06DB34-17E6-4F67-BA07-883C20595162}.Release|Any CPU.Build.0 = Release|Any CPU
		{938BAFE0-04C4-4FBC-B473-0364782935B1}.Debug|Any CPU.ActiveCfg = Debug|Any CPU
		{938BAFE0-04C4-4FBC-B473-0364782935B1}.Debug|Any CPU.Build.0 = Debug|Any CPU
		{938BAFE0-04C4-4FBC-B473-0364782935B1}.Release|Any CPU.ActiveCfg = Release|Any CPU
		{938BAFE0-04C4-4FBC-B473-0364782935B1}.Release|Any CPU.Build.0 = Release|Any CPU
	EndGlobalSection
EndGlobal
